// !$*UTF8*$!
{
	archiveVersion = 1;
	classes = {
	};
	objectVersion = 56;
	objects = {

/* Begin PBXBuildFile section */
		D9B95E332C558FD1000AEE8E /* StepUpApp.swift in Sources */ = {isa = PBXBuildFile; fileRef = D9B95E322C558FD1000AEE8E /* StepUpApp.swift */; };
		D9B95E352C558FD1000AEE8E /* ContentView.swift in Sources */ = {isa = PBXBuildFile; fileRef = D9B95E342C558FD1000AEE8E /* ContentView.swift */; };
		D9B95E372C558FD3000AEE8E /* Assets.xcassets in Resources */ = {isa = PBXBuildFile; fileRef = D9B95E362C558FD3000AEE8E /* Assets.xcassets */; };
		D9B95E3B2C558FD3000AEE8E /* Preview Assets.xcassets in Resources */ = {isa = PBXBuildFile; fileRef = D9B95E3A2C558FD3000AEE8E /* Preview Assets.xcassets */; };
		D9B95E592C559230000AEE8E /* StepUpHabitTrackerExtension.appex in Embed Foundation Extensions */ = {isa = PBXBuildFile; fileRef = D9B95E452C55922E000AEE8E /* StepUpHabitTrackerExtension.appex */; settings = {ATTRIBUTES = (RemoveHeadersOnCopy, ); }; };
		D9B95E652C55934E000AEE8E /* WidgetKit.framework in Frameworks */ = {isa = PBXBuildFile; fileRef = D9B95E642C55934E000AEE8E /* WidgetKit.framework */; };
		D9B95E672C55934E000AEE8E /* SwiftUI.framework in Frameworks */ = {isa = PBXBuildFile; fileRef = D9B95E662C55934E000AEE8E /* SwiftUI.framework */; };
		D9B95E6A2C55934E000AEE8E /* StepUpHabitTrackerWidgetBundle.swift in Sources */ = {isa = PBXBuildFile; fileRef = D9B95E692C55934E000AEE8E /* StepUpHabitTrackerWidgetBundle.swift */; };
		D9B95E6C2C55934E000AEE8E /* StepUpHabitTrackerWidgetLiveActivity.swift in Sources */ = {isa = PBXBuildFile; fileRef = D9B95E6B2C55934E000AEE8E /* StepUpHabitTrackerWidgetLiveActivity.swift */; };
		D9B95E6E2C55934E000AEE8E /* StepUpHabitTrackerWidget.swift in Sources */ = {isa = PBXBuildFile; fileRef = D9B95E6D2C55934E000AEE8E /* StepUpHabitTrackerWidget.swift */; };
		D9B95E702C55934E000AEE8E /* AppIntent.swift in Sources */ = {isa = PBXBuildFile; fileRef = D9B95E6F2C55934E000AEE8E /* AppIntent.swift */; };
		D9B95E722C55934F000AEE8E /* Assets.xcassets in Resources */ = {isa = PBXBuildFile; fileRef = D9B95E712C55934F000AEE8E /* Assets.xcassets */; };
		D9B95E762C55934F000AEE8E /* StepUpHabitTrackerWidgetExtension.appex in Embed Foundation Extensions */ = {isa = PBXBuildFile; fileRef = D9B95E622C55934E000AEE8E /* StepUpHabitTrackerWidgetExtension.appex */; settings = {ATTRIBUTES = (RemoveHeadersOnCopy, ); }; };
/* End PBXBuildFile section */

/* Begin PBXContainerItemProxy section */
		D9B95E572C559230000AEE8E /* PBXContainerItemProxy */ = {
			isa = PBXContainerItemProxy;
			containerPortal = D9B95E272C558FD1000AEE8E /* Project object */;
			proxyType = 1;
			remoteGlobalIDString = D9B95E442C55922E000AEE8E;
			remoteInfo = StepUpHabitTrackerExtension;
		};
		D9B95E742C55934F000AEE8E /* PBXContainerItemProxy */ = {
			isa = PBXContainerItemProxy;
			containerPortal = D9B95E272C558FD1000AEE8E /* Project object */;
			proxyType = 1;
			remoteGlobalIDString = D9B95E612C55934E000AEE8E;
			remoteInfo = StepUpHabitTrackerWidgetExtension;
		};
/* End PBXContainerItemProxy section */

/* Begin PBXCopyFilesBuildPhase section */
		D9B95E5D2C559230000AEE8E /* Embed Foundation Extensions */ = {
			isa = PBXCopyFilesBuildPhase;
			buildActionMask = 2147483647;
			dstPath = "";
			dstSubfolderSpec = 13;
			files = (
				D9B95E592C559230000AEE8E /* StepUpHabitTrackerExtension.appex in Embed Foundation Extensions */,
				D9B95E762C55934F000AEE8E /* StepUpHabitTrackerWidgetExtension.appex in Embed Foundation Extensions */,
			);
			name = "Embed Foundation Extensions";
			runOnlyForDeploymentPostprocessing = 0;
		};
/* End PBXCopyFilesBuildPhase section */

/* Begin PBXFileReference section */
		D9B95E2F2C558FD1000AEE8E /* StepUp.app */ = {isa = PBXFileReference; explicitFileType = wrapper.application; includeInIndex = 0; path = StepUp.app; sourceTree = BUILT_PRODUCTS_DIR; };
		D9B95E322C558FD1000AEE8E /* StepUpApp.swift */ = {isa = PBXFileReference; lastKnownFileType = sourcecode.swift; path = StepUpApp.swift; sourceTree = "<group>"; };
		D9B95E342C558FD1000AEE8E /* ContentView.swift */ = {isa = PBXFileReference; lastKnownFileType = sourcecode.swift; path = ContentView.swift; sourceTree = "<group>"; };
		D9B95E362C558FD3000AEE8E /* Assets.xcassets */ = {isa = PBXFileReference; lastKnownFileType = folder.assetcatalog; path = Assets.xcassets; sourceTree = "<group>"; };
		D9B95E382C558FD3000AEE8E /* StepUp.entitlements */ = {isa = PBXFileReference; lastKnownFileType = text.plist.entitlements; path = StepUp.entitlements; sourceTree = "<group>"; };
		D9B95E3A2C558FD3000AEE8E /* Preview Assets.xcassets */ = {isa = PBXFileReference; lastKnownFileType = folder.assetcatalog; path = "Preview Assets.xcassets"; sourceTree = "<group>"; };
		D9B95E452C55922E000AEE8E /* StepUpHabitTrackerExtension.appex */ = {isa = PBXFileReference; explicitFileType = "wrapper.app-extension"; includeInIndex = 0; path = StepUpHabitTrackerExtension.appex; sourceTree = BUILT_PRODUCTS_DIR; };
		D9B95E622C55934E000AEE8E /* StepUpHabitTrackerWidgetExtension.appex */ = {isa = PBXFileReference; explicitFileType = "wrapper.app-extension"; includeInIndex = 0; path = StepUpHabitTrackerWidgetExtension.appex; sourceTree = BUILT_PRODUCTS_DIR; };
		D9B95E642C55934E000AEE8E /* WidgetKit.framework */ = {isa = PBXFileReference; lastKnownFileType = wrapper.framework; name = WidgetKit.framework; path = System/Library/Frameworks/WidgetKit.framework; sourceTree = SDKROOT; };
		D9B95E662C55934E000AEE8E /* SwiftUI.framework */ = {isa = PBXFileReference; lastKnownFileType = wrapper.framework; name = SwiftUI.framework; path = System/Library/Frameworks/SwiftUI.framework; sourceTree = SDKROOT; };
		D9B95E692C55934E000AEE8E /* StepUpHabitTrackerWidgetBundle.swift */ = {isa = PBXFileReference; lastKnownFileType = sourcecode.swift; path = StepUpHabitTrackerWidgetBundle.swift; sourceTree = "<group>"; };
		D9B95E6B2C55934E000AEE8E /* StepUpHabitTrackerWidgetLiveActivity.swift */ = {isa = PBXFileReference; lastKnownFileType = sourcecode.swift; path = StepUpHabitTrackerWidgetLiveActivity.swift; sourceTree = "<group>"; };
		D9B95E6D2C55934E000AEE8E /* StepUpHabitTrackerWidget.swift */ = {isa = PBXFileReference; lastKnownFileType = sourcecode.swift; path = StepUpHabitTrackerWidget.swift; sourceTree = "<group>"; };
		D9B95E6F2C55934E000AEE8E /* AppIntent.swift */ = {isa = PBXFileReference; lastKnownFileType = sourcecode.swift; path = AppIntent.swift; sourceTree = "<group>"; };
		D9B95E712C55934F000AEE8E /* Assets.xcassets */ = {isa = PBXFileReference; lastKnownFileType = folder.assetcatalog; path = Assets.xcassets; sourceTree = "<group>"; };
		D9B95E732C55934F000AEE8E /* Info.plist */ = {isa = PBXFileReference; lastKnownFileType = text.plist.xml; path = Info.plist; sourceTree = "<group>"; };
/* End PBXFileReference section */

/* Begin PBXFrameworksBuildPhase section */
		D9B95E2C2C558FD1000AEE8E /* Frameworks */ = {
			isa = PBXFrameworksBuildPhase;
			buildActionMask = 2147483647;
			files = (
			);
			runOnlyForDeploymentPostprocessing = 0;
		};
		D9B95E422C55922E000AEE8E /* Frameworks */ = {
			isa = PBXFrameworksBuildPhase;
			buildActionMask = 2147483647;
			files = (
			);
			runOnlyForDeploymentPostprocessing = 0;
		};
		D9B95E5F2C55934E000AEE8E /* Frameworks */ = {
			isa = PBXFrameworksBuildPhase;
			buildActionMask = 2147483647;
			files = (
				D9B95E672C55934E000AEE8E /* SwiftUI.framework in Frameworks */,
				D9B95E652C55934E000AEE8E /* WidgetKit.framework in Frameworks */,
			);
			runOnlyForDeploymentPostprocessing = 0;
		};
/* End PBXFrameworksBuildPhase section */

/* Begin PBXGroup section */
		D9B95E262C558FD1000AEE8E = {
			isa = PBXGroup;
			children = (
				D9B95E312C558FD1000AEE8E /* StepUp */,
				D9B95E682C55934E000AEE8E /* StepUpHabitTrackerWidget */,
				D9B95E632C55934E000AEE8E /* Frameworks */,
				D9B95E302C558FD1000AEE8E /* Products */,
			);
			sourceTree = "<group>";
		};
		D9B95E302C558FD1000AEE8E /* Products */ = {
			isa = PBXGroup;
			children = (
				D9B95E2F2C558FD1000AEE8E /* StepUp.app */,
				D9B95E452C55922E000AEE8E /* StepUpHabitTrackerExtension.appex */,
				D9B95E622C55934E000AEE8E /* StepUpHabitTrackerWidgetExtension.appex */,
			);
			name = Products;
			sourceTree = "<group>";
		};
		D9B95E312C558FD1000AEE8E /* StepUp */ = {
			isa = PBXGroup;
			children = (
				D9B95E322C558FD1000AEE8E /* StepUpApp.swift */,
				D9B95E342C558FD1000AEE8E /* ContentView.swift */,
				D9B95E362C558FD3000AEE8E /* Assets.xcassets */,
				D9B95E382C558FD3000AEE8E /* StepUp.entitlements */,
				D9B95E392C558FD3000AEE8E /* Preview Content */,
			);
			path = StepUp;
			sourceTree = "<group>";
		};
		D9B95E392C558FD3000AEE8E /* Preview Content */ = {
			isa = PBXGroup;
			children = (
				D9B95E3A2C558FD3000AEE8E /* Preview Assets.xcassets */,
			);
			path = "Preview Content";
			sourceTree = "<group>";
		};
		D9B95E632C55934E000AEE8E /* Frameworks */ = {
			isa = PBXGroup;
			children = (
				D9B95E642C55934E000AEE8E /* WidgetKit.framework */,
				D9B95E662C55934E000AEE8E /* SwiftUI.framework */,
			);
			name = Frameworks;
			sourceTree = "<group>";
		};
		D9B95E682C55934E000AEE8E /* StepUpHabitTrackerWidget */ = {
			isa = PBXGroup;
			children = (
				D9B95E692C55934E000AEE8E /* StepUpHabitTrackerWidgetBundle.swift */,
				D9B95E6B2C55934E000AEE8E /* StepUpHabitTrackerWidgetLiveActivity.swift */,
				D9B95E6D2C55934E000AEE8E /* StepUpHabitTrackerWidget.swift */,
				D9B95E6F2C55934E000AEE8E /* AppIntent.swift */,
				D9B95E712C55934F000AEE8E /* Assets.xcassets */,
				D9B95E732C55934F000AEE8E /* Info.plist */,
			);
			path = StepUpHabitTrackerWidget;
			sourceTree = "<group>";
		};
/* End PBXGroup section */

/* Begin PBXNativeTarget section */
		D9B95E2E2C558FD1000AEE8E /* StepUp */ = {
			isa = PBXNativeTarget;
			buildConfigurationList = D9B95E3E2C558FD3000AEE8E /* Build configuration list for PBXNativeTarget "StepUp" */;
			buildPhases = (
				D9B95E2B2C558FD1000AEE8E /* Sources */,
				D9B95E2C2C558FD1000AEE8E /* Frameworks */,
				D9B95E2D2C558FD1000AEE8E /* Resources */,
				D9B95E5D2C559230000AEE8E /* Embed Foundation Extensions */,
			);
			buildRules = (
			);
			dependencies = (
				D9B95E582C559230000AEE8E /* PBXTargetDependency */,
				D9B95E752C55934F000AEE8E /* PBXTargetDependency */,
			);
			name = StepUp;
			productName = StepUp;
			productReference = D9B95E2F2C558FD1000AEE8E /* StepUp.app */;
			productType = "com.apple.product-type.application";
		};
		D9B95E442C55922E000AEE8E /* StepUpHabitTrackerExtension */ = {
			isa = PBXNativeTarget;
			buildConfigurationList = D9B95E5A2C559230000AEE8E /* Build configuration list for PBXNativeTarget "StepUpHabitTrackerExtension" */;
			buildPhases = (
				D9B95E412C55922E000AEE8E /* Sources */,
				D9B95E422C55922E000AEE8E /* Frameworks */,
				D9B95E432C55922E000AEE8E /* Resources */,
			);
			buildRules = (
			);
			dependencies = (
			);
			name = StepUpHabitTrackerExtension;
			productName = StepUpHabitTrackerExtension;
			productReference = D9B95E452C55922E000AEE8E /* StepUpHabitTrackerExtension.appex */;
			productType = "com.apple.product-type.app-extension";
		};
		D9B95E612C55934E000AEE8E /* StepUpHabitTrackerWidgetExtension */ = {
			isa = PBXNativeTarget;
			buildConfigurationList = D9B95E772C55934F000AEE8E /* Build configuration list for PBXNativeTarget "StepUpHabitTrackerWidgetExtension" */;
			buildPhases = (
				D9B95E5E2C55934E000AEE8E /* Sources */,
				D9B95E5F2C55934E000AEE8E /* Frameworks */,
				D9B95E602C55934E000AEE8E /* Resources */,
			);
			buildRules = (
			);
			dependencies = (
			);
			name = StepUpHabitTrackerWidgetExtension;
			productName = StepUpHabitTrackerWidgetExtension;
			productReference = D9B95E622C55934E000AEE8E /* StepUpHabitTrackerWidgetExtension.appex */;
			productType = "com.apple.product-type.app-extension";
		};
/* End PBXNativeTarget section */

/* Begin PBXProject section */
		D9B95E272C558FD1000AEE8E /* Project object */ = {
			isa = PBXProject;
			attributes = {
				BuildIndependentTargetsInParallel = 1;
				LastSwiftUpdateCheck = 1540;
				LastUpgradeCheck = 1540;
				TargetAttributes = {
					D9B95E2E2C558FD1000AEE8E = {
						CreatedOnToolsVersion = 15.4;
					};
					D9B95E442C55922E000AEE8E = {
						CreatedOnToolsVersion = 15.4;
					};
					D9B95E612C55934E000AEE8E = {
						CreatedOnToolsVersion = 15.4;
					};
				};
			};
			buildConfigurationList = D9B95E2A2C558FD1000AEE8E /* Build configuration list for PBXProject "StepUp" */;
			compatibilityVersion = "Xcode 14.0";
			developmentRegion = en;
			hasScannedForEncodings = 0;
			knownRegions = (
				en,
				Base,
			);
			mainGroup = D9B95E262C558FD1000AEE8E;
			productRefGroup = D9B95E302C558FD1000AEE8E /* Products */;
			projectDirPath = "";
			projectRoot = "";
			targets = (
				D9B95E2E2C558FD1000AEE8E /* StepUp */,
				D9B95E442C55922E000AEE8E /* StepUpHabitTrackerExtension */,
				D9B95E612C55934E000AEE8E /* StepUpHabitTrackerWidgetExtension */,
			);
		};
/* End PBXProject section */

/* Begin PBXResourcesBuildPhase section */
		D9B95E2D2C558FD1000AEE8E /* Resources */ = {
			isa = PBXResourcesBuildPhase;
			buildActionMask = 2147483647;
			files = (
				D9B95E3B2C558FD3000AEE8E /* Preview Assets.xcassets in Resources */,
				D9B95E372C558FD3000AEE8E /* Assets.xcassets in Resources */,
			);
			runOnlyForDeploymentPostprocessing = 0;
		};
		D9B95E432C55922E000AEE8E /* Resources */ = {
			isa = PBXResourcesBuildPhase;
			buildActionMask = 2147483647;
			files = (
			);
			runOnlyForDeploymentPostprocessing = 0;
		};
		D9B95E602C55934E000AEE8E /* Resources */ = {
			isa = PBXResourcesBuildPhase;
			buildActionMask = 2147483647;
			files = (
				D9B95E722C55934F000AEE8E /* Assets.xcassets in Resources */,
			);
			runOnlyForDeploymentPostprocessing = 0;
		};
/* End PBXResourcesBuildPhase section */

/* Begin PBXSourcesBuildPhase section */
		D9B95E2B2C558FD1000AEE8E /* Sources */ = {
			isa = PBXSourcesBuildPhase;
			buildActionMask = 2147483647;
			files = (
				D9B95E352C558FD1000AEE8E /* ContentView.swift in Sources */,
				D9B95E332C558FD1000AEE8E /* StepUpApp.swift in Sources */,
			);
			runOnlyForDeploymentPostprocessing = 0;
		};
		D9B95E412C55922E000AEE8E /* Sources */ = {
			isa = PBXSourcesBuildPhase;
			buildActionMask = 2147483647;
			files = (
			);
			runOnlyForDeploymentPostprocessing = 0;
		};
		D9B95E5E2C55934E000AEE8E /* Sources */ = {
			isa = PBXSourcesBuildPhase;
			buildActionMask = 2147483647;
			files = (
				D9B95E6A2C55934E000AEE8E /* StepUpHabitTrackerWidgetBundle.swift in Sources */,
				D9B95E702C55934E000AEE8E /* AppIntent.swift in Sources */,
				D9B95E6E2C55934E000AEE8E /* StepUpHabitTrackerWidget.swift in Sources */,
				D9B95E6C2C55934E000AEE8E /* StepUpHabitTrackerWidgetLiveActivity.swift in Sources */,
			);
			runOnlyForDeploymentPostprocessing = 0;
		};
/* End PBXSourcesBuildPhase section */

/* Begin PBXTargetDependency section */
		D9B95E582C559230000AEE8E /* PBXTargetDependency */ = {
			isa = PBXTargetDependency;
			target = D9B95E442C55922E000AEE8E /* StepUpHabitTrackerExtension */;
			targetProxy = D9B95E572C559230000AEE8E /* PBXContainerItemProxy */;
		};
		D9B95E752C55934F000AEE8E /* PBXTargetDependency */ = {
			isa = PBXTargetDependency;
			target = D9B95E612C55934E000AEE8E /* StepUpHabitTrackerWidgetExtension */;
			targetProxy = D9B95E742C55934F000AEE8E /* PBXContainerItemProxy */;
		};
/* End PBXTargetDependency section */

/* Begin XCBuildConfiguration section */
		D9B95E3C2C558FD3000AEE8E /* Debug */ = {
			isa = XCBuildConfiguration;
			buildSettings = {
				ALWAYS_SEARCH_USER_PATHS = NO;
				ASSETCATALOG_COMPILER_GENERATE_SWIFT_ASSET_SYMBOL_EXTENSIONS = YES;
				CLANG_ANALYZER_NONNULL = YES;
				CLANG_ANALYZER_NUMBER_OBJECT_CONVERSION = YES_AGGRESSIVE;
				CLANG_CXX_LANGUAGE_STANDARD = "gnu++20";
				CLANG_ENABLE_MODULES = YES;
				CLANG_ENABLE_OBJC_ARC = YES;
				CLANG_ENABLE_OBJC_WEAK = YES;
				CLANG_WARN_BLOCK_CAPTURE_AUTORELEASING = YES;
				CLANG_WARN_BOOL_CONVERSION = YES;
				CLANG_WARN_COMMA = YES;
				CLANG_WARN_CONSTANT_CONVERSION = YES;
				CLANG_WARN_DEPRECATED_OBJC_IMPLEMENTATIONS = YES;
				CLANG_WARN_DIRECT_OBJC_ISA_USAGE = YES_ERROR;
				CLANG_WARN_DOCUMENTATION_COMMENTS = YES;
				CLANG_WARN_EMPTY_BODY = YES;
				CLANG_WARN_ENUM_CONVERSION = YES;
				CLANG_WARN_INFINITE_RECURSION = YES;
				CLANG_WARN_INT_CONVERSION = YES;
				CLANG_WARN_NON_LITERAL_NULL_CONVERSION = YES;
				CLANG_WARN_OBJC_IMPLICIT_RETAIN_SELF = YES;
				CLANG_WARN_OBJC_LITERAL_CONVERSION = YES;
				CLANG_WARN_OBJC_ROOT_CLASS = YES_ERROR;
				CLANG_WARN_QUOTED_INCLUDE_IN_FRAMEWORK_HEADER = YES;
				CLANG_WARN_RANGE_LOOP_ANALYSIS = YES;
				CLANG_WARN_STRICT_PROTOTYPES = YES;
				CLANG_WARN_SUSPICIOUS_MOVE = YES;
				CLANG_WARN_UNGUARDED_AVAILABILITY = YES_AGGRESSIVE;
				CLANG_WARN_UNREACHABLE_CODE = YES;
				CLANG_WARN__DUPLICATE_METHOD_MATCH = YES;
				COPY_PHASE_STRIP = NO;
				DEBUG_INFORMATION_FORMAT = dwarf;
				ENABLE_STRICT_OBJC_MSGSEND = YES;
				ENABLE_TESTABILITY = YES;
				ENABLE_USER_SCRIPT_SANDBOXING = YES;
				GCC_C_LANGUAGE_STANDARD = gnu17;
				GCC_DYNAMIC_NO_PIC = NO;
				GCC_NO_COMMON_BLOCKS = YES;
				GCC_OPTIMIZATION_LEVEL = 0;
				GCC_PREPROCESSOR_DEFINITIONS = (
					"DEBUG=1",
					"$(inherited)",
				);
				GCC_WARN_64_TO_32_BIT_CONVERSION = YES;
				GCC_WARN_ABOUT_RETURN_TYPE = YES_ERROR;
				GCC_WARN_UNDECLARED_SELECTOR = YES;
				GCC_WARN_UNINITIALIZED_AUTOS = YES_AGGRESSIVE;
				GCC_WARN_UNUSED_FUNCTION = YES;
				GCC_WARN_UNUSED_VARIABLE = YES;
				LOCALIZATION_PREFERS_STRING_CATALOGS = YES;
				MTL_ENABLE_DEBUG_INFO = INCLUDE_SOURCE;
				MTL_FAST_MATH = YES;
				ONLY_ACTIVE_ARCH = YES;
				SWIFT_ACTIVE_COMPILATION_CONDITIONS = "DEBUG $(inherited)";
				SWIFT_OPTIMIZATION_LEVEL = "-Onone";
			};
			name = Debug;
		};
		D9B95E3D2C558FD3000AEE8E /* Release */ = {
			isa = XCBuildConfiguration;
			buildSettings = {
				ALWAYS_SEARCH_USER_PATHS = NO;
				ASSETCATALOG_COMPILER_GENERATE_SWIFT_ASSET_SYMBOL_EXTENSIONS = YES;
				CLANG_ANALYZER_NONNULL = YES;
				CLANG_ANALYZER_NUMBER_OBJECT_CONVERSION = YES_AGGRESSIVE;
				CLANG_CXX_LANGUAGE_STANDARD = "gnu++20";
				CLANG_ENABLE_MODULES = YES;
				CLANG_ENABLE_OBJC_ARC = YES;
				CLANG_ENABLE_OBJC_WEAK = YES;
				CLANG_WARN_BLOCK_CAPTURE_AUTORELEASING = YES;
				CLANG_WARN_BOOL_CONVERSION = YES;
				CLANG_WARN_COMMA = YES;
				CLANG_WARN_CONSTANT_CONVERSION = YES;
				CLANG_WARN_DEPRECATED_OBJC_IMPLEMENTATIONS = YES;
				CLANG_WARN_DIRECT_OBJC_ISA_USAGE = YES_ERROR;
				CLANG_WARN_DOCUMENTATION_COMMENTS = YES;
				CLANG_WARN_EMPTY_BODY = YES;
				CLANG_WARN_ENUM_CONVERSION = YES;
				CLANG_WARN_INFINITE_RECURSION = YES;
				CLANG_WARN_INT_CONVERSION = YES;
				CLANG_WARN_NON_LITERAL_NULL_CONVERSION = YES;
				CLANG_WARN_OBJC_IMPLICIT_RETAIN_SELF = YES;
				CLANG_WARN_OBJC_LITERAL_CONVERSION = YES;
				CLANG_WARN_OBJC_ROOT_CLASS = YES_ERROR;
				CLANG_WARN_QUOTED_INCLUDE_IN_FRAMEWORK_HEADER = YES;
				CLANG_WARN_RANGE_LOOP_ANALYSIS = YES;
				CLANG_WARN_STRICT_PROTOTYPES = YES;
				CLANG_WARN_SUSPICIOUS_MOVE = YES;
				CLANG_WARN_UNGUARDED_AVAILABILITY = YES_AGGRESSIVE;
				CLANG_WARN_UNREACHABLE_CODE = YES;
				CLANG_WARN__DUPLICATE_METHOD_MATCH = YES;
				COPY_PHASE_STRIP = NO;
				DEBUG_INFORMATION_FORMAT = "dwarf-with-dsym";
				ENABLE_NS_ASSERTIONS = NO;
				ENABLE_STRICT_OBJC_MSGSEND = YES;
				ENABLE_USER_SCRIPT_SANDBOXING = YES;
				GCC_C_LANGUAGE_STANDARD = gnu17;
				GCC_NO_COMMON_BLOCKS = YES;
				GCC_WARN_64_TO_32_BIT_CONVERSION = YES;
				GCC_WARN_ABOUT_RETURN_TYPE = YES_ERROR;
				GCC_WARN_UNDECLARED_SELECTOR = YES;
				GCC_WARN_UNINITIALIZED_AUTOS = YES_AGGRESSIVE;
				GCC_WARN_UNUSED_FUNCTION = YES;
				GCC_WARN_UNUSED_VARIABLE = YES;
				LOCALIZATION_PREFERS_STRING_CATALOGS = YES;
				MTL_ENABLE_DEBUG_INFO = NO;
				MTL_FAST_MATH = YES;
				SWIFT_COMPILATION_MODE = wholemodule;
			};
			name = Release;
		};
		D9B95E3F2C558FD3000AEE8E /* Debug */ = {
			isa = XCBuildConfiguration;
			buildSettings = {
				ALWAYS_EMBED_SWIFT_STANDARD_LIBRARIES = YES;
				ASSETCATALOG_COMPILER_APPICON_NAME = AppIcon;
				ASSETCATALOG_COMPILER_GLOBAL_ACCENT_COLOR_NAME = AccentColor;
				CODE_SIGN_ENTITLEMENTS = StepUp/StepUp.entitlements;
				CODE_SIGN_STYLE = Automatic;
				CURRENT_PROJECT_VERSION = 1;
				DEVELOPMENT_ASSET_PATHS = "\"StepUp/Preview Content\"";
				DEVELOPMENT_TEAM = NTPG39D955;
				ENABLE_HARDENED_RUNTIME = YES;
				ENABLE_PREVIEWS = YES;
				GENERATE_INFOPLIST_FILE = YES;
				"INFOPLIST_KEY_UIApplicationSceneManifest_Generation[sdk=iphoneos*]" = YES;
				"INFOPLIST_KEY_UIApplicationSceneManifest_Generation[sdk=iphonesimulator*]" = YES;
				"INFOPLIST_KEY_UIApplicationSupportsIndirectInputEvents[sdk=iphoneos*]" = YES;
				"INFOPLIST_KEY_UIApplicationSupportsIndirectInputEvents[sdk=iphonesimulator*]" = YES;
				"INFOPLIST_KEY_UILaunchScreen_Generation[sdk=iphoneos*]" = YES;
				"INFOPLIST_KEY_UILaunchScreen_Generation[sdk=iphonesimulator*]" = YES;
				"INFOPLIST_KEY_UIStatusBarStyle[sdk=iphoneos*]" = UIStatusBarStyleDefault;
				"INFOPLIST_KEY_UIStatusBarStyle[sdk=iphonesimulator*]" = UIStatusBarStyleDefault;
				INFOPLIST_KEY_UISupportedInterfaceOrientations_iPad = "UIInterfaceOrientationPortrait UIInterfaceOrientationPortraitUpsideDown UIInterfaceOrientationLandscapeLeft UIInterfaceOrientationLandscapeRight";
				INFOPLIST_KEY_UISupportedInterfaceOrientations_iPhone = "UIInterfaceOrientationPortrait UIInterfaceOrientationLandscapeLeft UIInterfaceOrientationLandscapeRight";
				IPHONEOS_DEPLOYMENT_TARGET = 17.5;
				LD_RUNPATH_SEARCH_PATHS = "@executable_path/Frameworks";
				"LD_RUNPATH_SEARCH_PATHS[sdk=macosx*]" = "@executable_path/../Frameworks";
				MACOSX_DEPLOYMENT_TARGET = 14.1;
				MARKETING_VERSION = 1.0;
				PRODUCT_BUNDLE_IDENTIFIER = StepUpOS;
				PRODUCT_NAME = "$(TARGET_NAME)";
				SDKROOT = auto;
				SUPPORTED_PLATFORMS = "iphoneos iphonesimulator macosx";
				SWIFT_EMIT_LOC_STRINGS = YES;
				SWIFT_VERSION = 5.0;
				TARGETED_DEVICE_FAMILY = "1,2";
			};
			name = Debug;
		};
		D9B95E402C558FD3000AEE8E /* Release */ = {
			isa = XCBuildConfiguration;
			buildSettings = {
				ALWAYS_EMBED_SWIFT_STANDARD_LIBRARIES = YES;
				ASSETCATALOG_COMPILER_APPICON_NAME = AppIcon;
				ASSETCATALOG_COMPILER_GLOBAL_ACCENT_COLOR_NAME = AccentColor;
				CODE_SIGN_ENTITLEMENTS = StepUp/StepUp.entitlements;
				CODE_SIGN_STYLE = Automatic;
				CURRENT_PROJECT_VERSION = 1;
				DEVELOPMENT_ASSET_PATHS = "\"StepUp/Preview Content\"";
				DEVELOPMENT_TEAM = NTPG39D955;
				ENABLE_HARDENED_RUNTIME = YES;
				ENABLE_PREVIEWS = YES;
				GENERATE_INFOPLIST_FILE = YES;
				"INFOPLIST_KEY_UIApplicationSceneManifest_Generation[sdk=iphoneos*]" = YES;
				"INFOPLIST_KEY_UIApplicationSceneManifest_Generation[sdk=iphonesimulator*]" = YES;
				"INFOPLIST_KEY_UIApplicationSupportsIndirectInputEvents[sdk=iphoneos*]" = YES;
				"INFOPLIST_KEY_UIApplicationSupportsIndirectInputEvents[sdk=iphonesimulator*]" = YES;
				"INFOPLIST_KEY_UILaunchScreen_Generation[sdk=iphoneos*]" = YES;
				"INFOPLIST_KEY_UILaunchScreen_Generation[sdk=iphonesimulator*]" = YES;
				"INFOPLIST_KEY_UIStatusBarStyle[sdk=iphoneos*]" = UIStatusBarStyleDefault;
				"INFOPLIST_KEY_UIStatusBarStyle[sdk=iphonesimulator*]" = UIStatusBarStyleDefault;
				INFOPLIST_KEY_UISupportedInterfaceOrientations_iPad = "UIInterfaceOrientationPortrait UIInterfaceOrientationPortraitUpsideDown UIInterfaceOrientationLandscapeLeft UIInterfaceOrientationLandscapeRight";
				INFOPLIST_KEY_UISupportedInterfaceOrientations_iPhone = "UIInterfaceOrientationPortrait UIInterfaceOrientationLandscapeLeft UIInterfaceOrientationLandscapeRight";
				IPHONEOS_DEPLOYMENT_TARGET = 17.5;
				LD_RUNPATH_SEARCH_PATHS = "@executable_path/Frameworks";
				"LD_RUNPATH_SEARCH_PATHS[sdk=macosx*]" = "@executable_path/../Frameworks";
				MACOSX_DEPLOYMENT_TARGET = 14.1;
				MARKETING_VERSION = 1.0;
				PRODUCT_BUNDLE_IDENTIFIER = StepUpOS;
				PRODUCT_NAME = "$(TARGET_NAME)";
				SDKROOT = auto;
				SUPPORTED_PLATFORMS = "iphoneos iphonesimulator macosx";
				SWIFT_EMIT_LOC_STRINGS = YES;
				SWIFT_VERSION = 5.0;
				TARGETED_DEVICE_FAMILY = "1,2";
			};
			name = Release;
		};
		D9B95E5B2C559230000AEE8E /* Debug */ = {
			isa = XCBuildConfiguration;
			buildSettings = {
				ASSETCATALOG_COMPILER_GLOBAL_ACCENT_COLOR_NAME = AccentColor;
				ASSETCATALOG_COMPILER_WIDGET_BACKGROUND_COLOR_NAME = WidgetBackground;
				CODE_SIGN_STYLE = Automatic;
				CURRENT_PROJECT_VERSION = 1;
				DEVELOPMENT_TEAM = NTPG39D955;
				GENERATE_INFOPLIST_FILE = YES;
				INFOPLIST_FILE = StepUpHabitTracker/Info.plist;
				INFOPLIST_KEY_CFBundleDisplayName = StepUpHabitTracker;
				INFOPLIST_KEY_NSHumanReadableCopyright = "";
				IPHONEOS_DEPLOYMENT_TARGET = 17.5;
				LD_RUNPATH_SEARCH_PATHS = (
					"$(inherited)",
					"@executable_path/Frameworks",
					"@executable_path/../../Frameworks",
				);
				MARKETING_VERSION = 1.0;
				PRODUCT_BUNDLE_IDENTIFIER = StepUpOS.StepUpHabitTracker;
				PRODUCT_NAME = "$(TARGET_NAME)";
				SDKROOT = iphoneos;
				SKIP_INSTALL = YES;
				SWIFT_EMIT_LOC_STRINGS = YES;
				SWIFT_VERSION = 5.0;
				TARGETED_DEVICE_FAMILY = "1,2";
			};
			name = Debug;
		};
		D9B95E5C2C559230000AEE8E /* Release */ = {
			isa = XCBuildConfiguration;
			buildSettings = {
				ASSETCATALOG_COMPILER_GLOBAL_ACCENT_COLOR_NAME = AccentColor;
				ASSETCATALOG_COMPILER_WIDGET_BACKGROUND_COLOR_NAME = WidgetBackground;
				CODE_SIGN_STYLE = Automatic;
				CURRENT_PROJECT_VERSION = 1;
				DEVELOPMENT_TEAM = NTPG39D955;
				GENERATE_INFOPLIST_FILE = YES;
				INFOPLIST_FILE = StepUpHabitTracker/Info.plist;
				INFOPLIST_KEY_CFBundleDisplayName = StepUpHabitTracker;
				INFOPLIST_KEY_NSHumanReadableCopyright = "";
				IPHONEOS_DEPLOYMENT_TARGET = 17.5;
				LD_RUNPATH_SEARCH_PATHS = (
					"$(inherited)",
					"@executable_path/Frameworks",
					"@executable_path/../../Frameworks",
				);
				MARKETING_VERSION = 1.0;
				PRODUCT_BUNDLE_IDENTIFIER = StepUpOS.StepUpHabitTracker;
				PRODUCT_NAME = "$(TARGET_NAME)";
				SDKROOT = iphoneos;
				SKIP_INSTALL = YES;
				SWIFT_EMIT_LOC_STRINGS = YES;
				SWIFT_VERSION = 5.0;
				TARGETED_DEVICE_FAMILY = "1,2";
				VALIDATE_PRODUCT = YES;
			};
			name = Release;
		};
		D9B95E782C55934F000AEE8E /* Debug */ = {
			isa = XCBuildConfiguration;
			buildSettings = {
				ASSETCATALOG_COMPILER_GLOBAL_ACCENT_COLOR_NAME = AccentColor;
				ASSETCATALOG_COMPILER_WIDGET_BACKGROUND_COLOR_NAME = WidgetBackground;
				CODE_SIGN_STYLE = Automatic;
				CURRENT_PROJECT_VERSION = 1;
				DEVELOPMENT_TEAM = NTPG39D955;
				GENERATE_INFOPLIST_FILE = YES;
				INFOPLIST_FILE = StepUpHabitTrackerWidget/Info.plist;
				INFOPLIST_KEY_CFBundleDisplayName = StepUpHabitTrackerWidget;
				INFOPLIST_KEY_NSHumanReadableCopyright = "";
				IPHONEOS_DEPLOYMENT_TARGET = 17.5;
				LD_RUNPATH_SEARCH_PATHS = (
					"$(inherited)",
					"@executable_path/Frameworks",
					"@executable_path/../../Frameworks",
				);
				MARKETING_VERSION = 1.0;
				PRODUCT_BUNDLE_IDENTIFIER = StepUpOS.StepUpHabitTrackerWidget;
				PRODUCT_NAME = "$(TARGET_NAME)";
				SDKROOT = iphoneos;
				SKIP_INSTALL = YES;
				SWIFT_EMIT_LOC_STRINGS = YES;
				SWIFT_VERSION = 5.0;
				TARGETED_DEVICE_FAMILY = "1,2";
			};
			name = Debug;
		};
		D9B95E792C55934F000AEE8E /* Release */ = {
			isa = XCBuildConfiguration;
			buildSettings = {
				ASSETCATALOG_COMPILER_GLOBAL_ACCENT_COLOR_NAME = AccentColor;
				ASSETCATALOG_COMPILER_WIDGET_BACKGROUND_COLOR_NAME = WidgetBackground;
				CODE_SIGN_STYLE = Automatic;
				CURRENT_PROJECT_VERSION = 1;
				DEVELOPMENT_TEAM = NTPG39D955;
				GENERATE_INFOPLIST_FILE = YES;
				INFOPLIST_FILE = StepUpHabitTrackerWidget/Info.plist;
				INFOPLIST_KEY_CFBundleDisplayName = StepUpHabitTrackerWidget;
				INFOPLIST_KEY_NSHumanReadableCopyright = "";
				IPHONEOS_DEPLOYMENT_TARGET = 17.5;
				LD_RUNPATH_SEARCH_PATHS = (
					"$(inherited)",
					"@executable_path/Frameworks",
					"@executable_path/../../Frameworks",
				);
				MARKETING_VERSION = 1.0;
				PRODUCT_BUNDLE_IDENTIFIER = StepUpOS.StepUpHabitTrackerWidget;
				PRODUCT_NAME = "$(TARGET_NAME)";
				SDKROOT = iphoneos;
				SKIP_INSTALL = YES;
				SWIFT_EMIT_LOC_STRINGS = YES;
				SWIFT_VERSION = 5.0;
				TARGETED_DEVICE_FAMILY = "1,2";
				VALIDATE_PRODUCT = YES;
			};
			name = Release;
		};
/* End XCBuildConfiguration section */

/* Begin XCConfigurationList section */
		D9B95E2A2C558FD1000AEE8E /* Build configuration list for PBXProject "StepUp" */ = {
			isa = XCConfigurationList;
			buildConfigurations = (
				D9B95E3C2C558FD3000AEE8E /* Debug */,
				D9B95E3D2C558FD3000AEE8E /* Release */,
			);
			defaultConfigurationIsVisible = 0;
			defaultConfigurationName = Release;
		};
		D9B95E3E2C558FD3000AEE8E /* Build configuration list for PBXNativeTarget "StepUp" */ = {
			isa = XCConfigurationList;
			buildConfigurations = (
				D9B95E3F2C558FD3000AEE8E /* Debug */,
				D9B95E402C558FD3000AEE8E /* Release */,
			);
			defaultConfigurationIsVisible = 0;
			defaultConfigurationName = Release;
		};
		D9B95E5A2C559230000AEE8E /* Build configuration list for PBXNativeTarget "StepUpHabitTrackerExtension" */ = {
			isa = XCConfigurationList;
			buildConfigurations = (
				D9B95E5B2C559230000AEE8E /* Debug */,
				D9B95E5C2C559230000AEE8E /* Release */,
			);
			defaultConfigurationIsVisible = 0;
			defaultConfigurationName = Release;
		};
		D9B95E772C55934F000AEE8E /* Build configuration list for PBXNativeTarget "StepUpHabitTrackerWidgetExtension" */ = {
			isa = XCConfigurationList;
			buildConfigurations = (
				D9B95E782C55934F000AEE8E /* Debug */,
				D9B95E792C55934F000AEE8E /* Release */,
			);
			defaultConfigurationIsVisible = 0;
			defaultConfigurationName = Release;
		};
/* End XCConfigurationList section */
	};
	rootObject = D9B95E272C558FD1000AEE8E /* Project object */;
}
